{
    "_readme": [
        "This file locks the dependencies of your project to a known state",
        "Read more about it at https://getcomposer.org/doc/01-basic-usage.md#installing-dependencies",
        "This file is @generated automatically"
    ],
    "content-hash": "35768adef78609b7b6d7ffc2d24fef7c",
    "packages": [
        {
            "name": "clue/graph",
            "version": "v0.9.1",
            "source": {
                "type": "git",
                "url": "https://github.com/graphp/graph.git",
                "reference": "07ce1e2f6d5be2ff600ce13660b25f25cf928c66"
            },
            "dist": {
                "type": "zip",
                "url": "https://api.github.com/repos/graphp/graph/zipball/07ce1e2f6d5be2ff600ce13660b25f25cf928c66",
                "reference": "07ce1e2f6d5be2ff600ce13660b25f25cf928c66",
                "shasum": ""
            },
            "require": {
                "php": "^7.0 || ^5.3"
            },
            "require-dev": {
                "phpunit/phpunit": "^6.4 || ^5.7 || ^4.8.35"
            },
            "suggest": {
                "graphp/algorithms": "Common graph algorithms, such as Dijkstra and Moore-Bellman-Ford (shortest path), minimum spanning tree (MST), Kruskal, Prim and many more..",
                "graphp/graphviz": "GraphViz graph drawing / DOT output"
            },
            "type": "library",
            "autoload": {
                "psr-4": {
                    "Fhaculty\\Graph\\": "src/"
                }
            },
            "notification-url": "https://packagist.org/downloads/",
            "license": [
                "MIT"
            ],
            "description": "GraPHP is the mathematical graph/network library written in PHP.",
            "homepage": "https://github.com/graphp/graph",
            "keywords": [
                "edge",
                "graph",
                "mathematical",
                "network",
                "vertex"
            ],
            "time": "2019-10-02T09:10:26+00:00"
        },
        {
            "name": "graphp/graph",
            "version": "dev-master",
            "source": {
                "type": "git",
                "url": "https://github.com/graphp/graph.git",
                "reference": "81eef65"
            },
            "dist": {
                "type": "zip",
                "url": "https://api.github.com/repos/graphp/graph/zipball/81eef65",
                "reference": "81eef65",
                "shasum": ""
            },
            "require": {
                "php": "^7.0 || ^5.3"
            },
            "require-dev": {
                "phpunit/phpunit": "^9.3 || ^5.7 || ^4.8.35"
            },
            "suggest": {
                "graphp/algorithms": "Common graph algorithms, such as Dijkstra and Moore-Bellman-Ford (shortest path), minimum spanning tree (MST), Kruskal, Prim and many more..",
                "graphp/graphviz": "GraphViz graph drawing / DOT output"
            },
            "type": "library",
            "autoload": {
                "psr-4": {
                    "Graphp\\Graph\\": "src/"
                }
            },
            "notification-url": "https://packagist.org/downloads/",
            "license": [
                "MIT"
            ],
            "description": "GraPHP is the mathematical graph/network library written in PHP.",
            "homepage": "https://github.com/graphp/graph",
            "keywords": [
                "edge",
                "graph",
                "mathematical",
                "network",
                "vertex"
            ],
            "time": "2020-01-05T18:27:35+00:00"
        },
        {
            "name": "graphp/graphviz",
            "version": "dev-master",
            "source": {
                "type": "git",
                "url": "https://github.com/graphp/graphviz.git",
                "reference": "b2b7644a7059ebcdeb2ea58fee134fcfa9e8baf2"
            },
            "dist": {
                "type": "zip",
                "url": "https://api.github.com/repos/graphp/graphviz/zipball/b2b7644a7059ebcdeb2ea58fee134fcfa9e8baf2",
                "reference": "b2b7644a7059ebcdeb2ea58fee134fcfa9e8baf2",
                "shasum": ""
            },
            "require": {
                "graphp/graph": "dev-master#81eef65 as 1.0.0",
                "php": ">=5.3.0"
            },
            "require-dev": {
                "phpunit/phpunit": "^9.3 || ^5.7 || ^4.8.35"
            },
            "type": "library",
            "autoload": {
                "psr-4": {
                    "Graphp\\GraphViz\\": "src/"
                }
            },
            "notification-url": "https://packagist.org/downloads/",
            "license": [
                "MIT"
            ],
            "description": "GraphViz graph drawing for the mathematical graph/network library GraPHP.",
            "homepage": "https://github.com/graphp/graphviz",
            "keywords": [
                "dot output",
                "graph drawing",
                "graph image",
                "graphp",
                "graphviz"
            ],
            "time": "2020-09-09T16:11:27+00:00"
        }
    ],
    "packages-dev": [],
    "aliases": [
        {
            "alias": "1.0.0",
            "alias_normalized": "1.0.0.0",
            "version": "9999999-dev",
            "package": "graphp/graph"
        }
    ],
    "minimum-stability": "stable",
    "stability-flags": {
        "graphp/graph": 20,
        "graphp/graphviz": 20
    },
    "prefer-stable": false,
    "prefer-lowest": false,
    "platform": [],
    "platform-dev": [],
    "plugin-api-version": "1.1.0"
}
